<?xml version="1.0" encoding="utf-8"?>
<Project ToolsVersion="4.0" xmlns="http://schemas.microsoft.com/developer/msbuild/2003">
  <ItemGroup>
    <ClInclude Include="..\Public\Engine_Defines.h">
      <Filter>99.Defines</Filter>
    </ClInclude>
    <ClInclude Include="..\Public\Engine_Enum.h">
      <Filter>99.Defines</Filter>
    </ClInclude>
    <ClInclude Include="..\Public\Engine_Function.h">
      <Filter>99.Defines</Filter>
    </ClInclude>
    <ClInclude Include="..\Public\Engine_Macro.h">
      <Filter>99.Defines</Filter>
    </ClInclude>
    <ClInclude Include="..\Public\Engine_Struct.h">
      <Filter>99.Defines</Filter>
    </ClInclude>
    <ClInclude Include="..\Public\Engine_Typedef.h">
      <Filter>99.Defines</Filter>
    </ClInclude>
    <ClInclude Include="..\Public\Timer.h">
      <Filter>00.System\00.Timer</Filter>
    </ClInclude>
    <ClInclude Include="..\Public\Timer_Manager.h">
      <Filter>00.System\00.Timer\Manager</Filter>
    </ClInclude>
    <ClInclude Include="..\Public\GameInstance.h">
      <Filter>01.Utility\00.GameInstance</Filter>
    </ClInclude>
    <ClInclude Include="..\Public\Level.h">
      <Filter>01.Utility\01.Levels</Filter>
    </ClInclude>
    <ClInclude Include="..\Public\Level_Manager.h">
      <Filter>01.Utility\01.Levels\Manager</Filter>
    </ClInclude>
    <ClInclude Include="..\Public\Base.h">
      <Filter>01.Utility\99.SuperClass</Filter>
    </ClInclude>
    <ClInclude Include="..\public\GameObject.h">
      <Filter>01.Utility\03.GameObject</Filter>
    </ClInclude>
    <ClInclude Include="..\public\Component.h">
      <Filter>01.Utility\04.Components</Filter>
    </ClInclude>
    <ClInclude Include="..\public\Transform.h">
      <Filter>01.Utility\04.Components\Transform</Filter>
    </ClInclude>
    <ClInclude Include="..\public\UIObject.h">
      <Filter>01.Utility\03.GameObject\UIObject</Filter>
    </ClInclude>
    <ClInclude Include="..\Public\Prototype_Manager.h">
      <Filter>01.Utility\02.Prototypes\Manager</Filter>
    </ClInclude>
    <ClInclude Include="..\Public\Object_Manager.h">
      <Filter>01.Utility\03.GameObject\Manager</Filter>
    </ClInclude>
    <ClInclude Include="..\Public\Layer.h">
      <Filter>01.Utility\03.GameObject\Manager\Layer</Filter>
    </ClInclude>
    <ClInclude Include="..\Public\Renderer.h">
      <Filter>01.Utility\05.Renderer</Filter>
    </ClInclude>
    <ClInclude Include="..\public\Texture.h">
      <Filter>01.Utility\04.Components\Texture</Filter>
    </ClInclude>
    <ClInclude Include="..\public\VIBuffer_Rect.h">
      <Filter>01.Utility\04.Components\VIBuffer\Rect</Filter>
    </ClInclude>
    <ClInclude Include="..\public\VIBuffer.h">
      <Filter>01.Utility\04.Components\VIBuffer</Filter>
    </ClInclude>
    <ClInclude Include="..\public\Shader.h">
      <Filter>01.Utility\04.Components\Shader</Filter>
    </ClInclude>
    <ClInclude Include="..\Public\VIBuffer_Terrain.h">
      <Filter>01.Utility\04.Components\VIBuffer\Terrain</Filter>
    </ClInclude>
    <ClInclude Include="..\public\PipeLine.h">
      <Filter>01.Utility\06.PipeLine</Filter>
    </ClInclude>
    <ClInclude Include="..\Public\Camera.h">
      <Filter>01.Utility\03.GameObject\Camera</Filter>
    </ClInclude>
    <ClInclude Include="..\Public\Graphic_Device.h">
      <Filter>00.System\01.Device\GraphicDevice</Filter>
    </ClInclude>
    <ClInclude Include="..\Public\Input_Device.h">
      <Filter>00.System\01.Device\InputDevice</Filter>
    </ClInclude>
    <ClInclude Include="..\Public\Model.h">
      <Filter>01.Utility\04.Components\Model</Filter>
    </ClInclude>
    <ClInclude Include="..\Public\Mesh.h">
      <Filter>01.Utility\04.Components\Model\Mesh</Filter>
    </ClInclude>
    <ClInclude Include="..\Public\Picking_Manager.h">
      <Filter>01.Utility\07.Picking</Filter>
    </ClInclude>
    <ClInclude Include="..\Public\Material.h">
      <Filter>01.Utility\04.Components\Model\Material</Filter>
    </ClInclude>
    <ClInclude Include="..\Public\Bone.h">
      <Filter>01.Utility\04.Components\Model\Bone</Filter>
    </ClInclude>
    <ClInclude Include="..\Public\Engine_ft.hpp">
      <Filter>99.Defines</Filter>
    </ClInclude>
    <ClInclude Include="..\Public\Animation.h">
      <Filter>01.Utility\04.Components\Model\Animation</Filter>
    </ClInclude>
    <ClInclude Include="..\Public\Channel.h">
      <Filter>01.Utility\04.Components\Model\Animation\Channel</Filter>
    </ClInclude>
    <ClInclude Include="..\public\Camera_Manager.h">
      <Filter>01.Utility\03.GameObject\Camera\Manager</Filter>
    </ClInclude>
    <ClInclude Include="..\public\AnimationManager.h">
      <Filter>01.Utility\04.Components\Model\Animation\Manager</Filter>
    </ClInclude>
    <ClInclude Include="..\Public\ContainerObject.h">
      <Filter>01.Utility\03.GameObject\ContainerObject</Filter>
    </ClInclude>
    <ClInclude Include="..\Public\PartObject.h">
      <Filter>01.Utility\03.GameObject\ContainerObject</Filter>
    </ClInclude>
    <ClInclude Include="..\Public\Light.h">
      <Filter>01.Utility\08.Lights</Filter>
    </ClInclude>
    <ClInclude Include="..\Public\Light_Manager.h">
      <Filter>01.Utility\08.Lights\Manager</Filter>
    </ClInclude>
    <ClInclude Include="..\Public\Collider.h">
      <Filter>01.Utility\04.Components\Collider</Filter>
    </ClInclude>
    <ClInclude Include="..\Public\Bounding.h">
      <Filter>01.Utility\04.Components\Collider\Bounding</Filter>
    </ClInclude>
    <ClInclude Include="..\Public\Bounding_AABB.h">
      <Filter>01.Utility\04.Components\Collider\Bounding\AABB</Filter>
    </ClInclude>
    <ClInclude Include="..\Public\VIBuffer_Cube.h">
      <Filter>01.Utility\04.Components\VIBuffer\Cube</Filter>
    </ClInclude>
    <ClInclude Include="..\Public\CustomFont.h">
      <Filter>01.Utility\09.Fonts</Filter>
    </ClInclude>
    <ClInclude Include="..\Public\Font_Manager.h">
      <Filter>01.Utility\09.Fonts\Manager</Filter>
    </ClInclude>
    <ClInclude Include="..\Public\Bounding_OBB.h">
      <Filter>01.Utility\04.Components\Collider\Bounding\OBB</Filter>
    </ClInclude>
    <ClInclude Include="..\Public\Bounding_Sphere.h">
      <Filter>01.Utility\04.Components\Collider\Bounding\Sphere</Filter>
    </ClInclude>
    <ClInclude Include="..\Public\DebugDraw.h">
      <Filter>01.Utility\04.Components\Collider\DebugDraw</Filter>
    </ClInclude>
    <ClInclude Include="..\public\Collider_Manager.h">
      <Filter>01.Utility\04.Components\Collider\Manager</Filter>
    </ClInclude>
    <ClInclude Include="..\Public\Navigation.h">
      <Filter>01.Utility\04.Components\Navigation</Filter>
    </ClInclude>
    <ClInclude Include="..\Public\Cell.h">
      <Filter>01.Utility\04.Components\Navigation\Cell</Filter>
    </ClInclude>
    <ClInclude Include="..\Public\VIBuffer_Cell.h">
      <Filter>01.Utility\04.Components\VIBuffer\Cell</Filter>
    </ClInclude>
    <ClInclude Include="..\public\Gravity.h" />
  </ItemGroup>
  <ItemGroup>
    <ClCompile Include="..\Private\Timer.cpp">
      <Filter>00.System\00.Timer</Filter>
    </ClCompile>
    <ClCompile Include="..\Private\Timer_Manager.cpp">
      <Filter>00.System\00.Timer\Manager</Filter>
    </ClCompile>
    <ClCompile Include="..\Private\GameInstance.cpp">
      <Filter>01.Utility\00.GameInstance</Filter>
    </ClCompile>
    <ClCompile Include="..\Private\Level.cpp">
      <Filter>01.Utility\01.Levels</Filter>
    </ClCompile>
    <ClCompile Include="..\Private\Level_Manager.cpp">
      <Filter>01.Utility\01.Levels\Manager</Filter>
    </ClCompile>
    <ClCompile Include="..\Private\Base.cpp">
      <Filter>01.Utility\99.SuperClass</Filter>
    </ClCompile>
    <ClCompile Include="..\private\GameObject.cpp">
      <Filter>01.Utility\03.GameObject</Filter>
    </ClCompile>
    <ClCompile Include="..\private\Component.cpp">
      <Filter>01.Utility\04.Components</Filter>
    </ClCompile>
    <ClCompile Include="..\private\Transform.cpp">
      <Filter>01.Utility\04.Components\Transform</Filter>
    </ClCompile>
    <ClCompile Include="..\private\UIObject.cpp">
      <Filter>01.Utility\03.GameObject\UIObject</Filter>
    </ClCompile>
    <ClCompile Include="..\Private\Prototype_Manager.cpp">
      <Filter>01.Utility\02.Prototypes\Manager</Filter>
    </ClCompile>
    <ClCompile Include="..\Private\Object_Manager.cpp">
      <Filter>01.Utility\03.GameObject\Manager</Filter>
    </ClCompile>
    <ClCompile Include="..\Private\Layer.cpp">
      <Filter>01.Utility\03.GameObject\Manager\Layer</Filter>
    </ClCompile>
    <ClCompile Include="..\Private\Renderer.cpp">
      <Filter>01.Utility\05.Renderer</Filter>
    </ClCompile>
    <ClCompile Include="..\private\Texture.cpp">
      <Filter>01.Utility\04.Components\Texture</Filter>
    </ClCompile>
    <ClCompile Include="..\private\VIBuffer_Rect.cpp">
      <Filter>01.Utility\04.Components\VIBuffer\Rect</Filter>
    </ClCompile>
    <ClCompile Include="..\private\VIBuffer.cpp">
      <Filter>01.Utility\04.Components\VIBuffer</Filter>
    </ClCompile>
    <ClCompile Include="..\private\Shader.cpp">
      <Filter>01.Utility\04.Components\Shader</Filter>
    </ClCompile>
    <ClCompile Include="..\Private\VIBuffer_Terrain.cpp">
      <Filter>01.Utility\04.Components\VIBuffer\Terrain</Filter>
    </ClCompile>
    <ClCompile Include="..\Private\Engine_Struct.cpp">
      <Filter>99.Defines</Filter>
    </ClCompile>
    <ClCompile Include="..\private\PipeLine.cpp">
      <Filter>01.Utility\06.PipeLine</Filter>
    </ClCompile>
    <ClCompile Include="..\Private\Camera.cpp">
      <Filter>01.Utility\03.GameObject\Camera</Filter>
    </ClCompile>
    <ClCompile Include="..\Private\Graphic_Device.cpp">
      <Filter>00.System\01.Device\GraphicDevice</Filter>
    </ClCompile>
    <ClCompile Include="..\Private\Input_Device.cpp">
      <Filter>00.System\01.Device\InputDevice</Filter>
    </ClCompile>
    <ClCompile Include="..\Private\Model.cpp">
      <Filter>01.Utility\04.Components\Model</Filter>
    </ClCompile>
    <ClCompile Include="..\Private\Mesh.cpp">
      <Filter>01.Utility\04.Components\Model\Mesh</Filter>
    </ClCompile>
    <ClCompile Include="..\Private\Picking_Manager.cpp">
      <Filter>01.Utility\07.Picking</Filter>
    </ClCompile>
    <ClCompile Include="..\Private\Material.cpp">
      <Filter>01.Utility\04.Components\Model\Material</Filter>
    </ClCompile>
    <ClCompile Include="..\Private\Bone.cpp">
      <Filter>01.Utility\04.Components\Model\Bone</Filter>
    </ClCompile>
    <ClCompile Include="..\Private\Animation.cpp">
      <Filter>01.Utility\04.Components\Model\Animation</Filter>
    </ClCompile>
    <ClCompile Include="..\Private\Channel.cpp">
      <Filter>01.Utility\04.Components\Model\Animation\Channel</Filter>
    </ClCompile>
    <ClCompile Include="..\private\Camera_Manager.cpp">
      <Filter>01.Utility\03.GameObject\Camera\Manager</Filter>
    </ClCompile>
    <ClCompile Include="..\private\AnimationManager.cpp">
      <Filter>01.Utility\04.Components\Model\Animation\Manager</Filter>
    </ClCompile>
    <ClCompile Include="..\Private\ContainerObject.cpp">
      <Filter>01.Utility\03.GameObject\ContainerObject</Filter>
    </ClCompile>
    <ClCompile Include="..\Private\PartObject.cpp">
      <Filter>01.Utility\03.GameObject\ContainerObject</Filter>
    </ClCompile>
    <ClCompile Include="..\Private\Light.cpp">
      <Filter>01.Utility\08.Lights</Filter>
    </ClCompile>
    <ClCompile Include="..\Private\Light_Manager.cpp">
      <Filter>01.Utility\08.Lights\Manager</Filter>
    </ClCompile>
    <ClCompile Include="..\Private\Bounding.cpp">
      <Filter>01.Utility\04.Components\Collider\Bounding</Filter>
    </ClCompile>
    <ClCompile Include="..\Private\Collider.cpp">
      <Filter>01.Utility\04.Components\Collider</Filter>
    </ClCompile>
    <ClCompile Include="..\Private\Bounding_AABB.cpp">
      <Filter>01.Utility\04.Components\Collider\Bounding\AABB</Filter>
    </ClCompile>
    <ClCompile Include="..\Private\VIBuffer_Cube.cpp">
      <Filter>01.Utility\04.Components\VIBuffer\Cube</Filter>
    </ClCompile>
    <ClCompile Include="..\Private\Font_Manager.cpp">
      <Filter>01.Utility\09.Fonts\Manager</Filter>
    </ClCompile>
    <ClCompile Include="..\Private\CustomFont.cpp">
      <Filter>01.Utility\09.Fonts</Filter>
    </ClCompile>
    <ClCompile Include="..\Private\Bounding_OBB.cpp">
      <Filter>01.Utility\04.Components\Collider\Bounding\OBB</Filter>
    </ClCompile>
    <ClCompile Include="..\Private\Bounding_Sphere.cpp">
      <Filter>01.Utility\04.Components\Collider\Bounding\Sphere</Filter>
    </ClCompile>
    <ClCompile Include="..\Private\DebugDraw.cpp">
      <Filter>01.Utility\04.Components\Collider\DebugDraw</Filter>
    </ClCompile>
    <ClCompile Include="..\private\Collider_Manager.cpp">
      <Filter>01.Utility\04.Components\Collider\Manager</Filter>
    </ClCompile>
    <ClCompile Include="..\Private\Navigation.cpp">
      <Filter>01.Utility\04.Components\Navigation</Filter>
    </ClCompile>
    <ClCompile Include="..\Private\Cell.cpp">
      <Filter>01.Utility\04.Components\Navigation\Cell</Filter>
    </ClCompile>
    <ClCompile Include="..\Private\VIBuffer_Cell.cpp">
      <Filter>01.Utility\04.Components\VIBuffer\Cell</Filter>
    </ClCompile>
    <ClCompile Include="..\private\Gravity.cpp" />
  </ItemGroup>
  <ItemGroup>
    <Filter Include="00.System">
      <UniqueIdentifier>{77e8400c-7e49-43b9-b7f2-4012b62e40af}</UniqueIdentifier>
    </Filter>
    <Filter Include="99.Defines">
      <UniqueIdentifier>{87b361cb-36f4-4de0-b2de-23437e26b1b1}</UniqueIdentifier>
    </Filter>
    <Filter Include="01.Utility">
      <UniqueIdentifier>{fed3992d-9937-48d1-8232-e91946b44a26}</UniqueIdentifier>
    </Filter>
    <Filter Include="00.System\00.Timer">
      <UniqueIdentifier>{946ea1bd-a6ad-4124-9a42-7ea12e8c54a3}</UniqueIdentifier>
    </Filter>
    <Filter Include="00.System\01.Device">
      <UniqueIdentifier>{4c9717d9-4552-4b0f-8fd1-ee87f7864556}</UniqueIdentifier>
    </Filter>
    <Filter Include="00.System\00.Timer\Manager">
      <UniqueIdentifier>{ec7cea28-6755-4dff-8dc7-3ce238408752}</UniqueIdentifier>
    </Filter>
    <Filter Include="01.Utility\00.GameInstance">
      <UniqueIdentifier>{646a5b9e-b195-441c-b825-3c86f314f568}</UniqueIdentifier>
    </Filter>
    <Filter Include="01.Utility\01.Levels">
      <UniqueIdentifier>{d21271cb-09a3-42be-af80-9dcf2c19aff6}</UniqueIdentifier>
    </Filter>
    <Filter Include="01.Utility\01.Levels\Manager">
      <UniqueIdentifier>{234015e5-16ad-46c6-b584-e43a2fb240bd}</UniqueIdentifier>
    </Filter>
    <Filter Include="01.Utility\99.SuperClass">
      <UniqueIdentifier>{c5c38433-b538-4e7b-891b-4809c69188f3}</UniqueIdentifier>
    </Filter>
    <Filter Include="01.Utility\02.Prototypes">
      <UniqueIdentifier>{d2429872-c1dd-4c52-8409-10ceab500df6}</UniqueIdentifier>
    </Filter>
    <Filter Include="01.Utility\03.GameObject">
      <UniqueIdentifier>{8542546c-1517-43a4-a3ed-c7e1ed5245ec}</UniqueIdentifier>
    </Filter>
    <Filter Include="01.Utility\03.GameObject\Manager">
      <UniqueIdentifier>{313d83d4-8a4a-4091-8d72-bed83bc58376}</UniqueIdentifier>
    </Filter>
    <Filter Include="01.Utility\04.Components">
      <UniqueIdentifier>{c8ff5966-2bbf-4633-88d4-dec210ad2207}</UniqueIdentifier>
    </Filter>
    <Filter Include="01.Utility\04.Components\Transform">
      <UniqueIdentifier>{6b3d22a0-5c82-4ff4-a7fe-543e619d38f6}</UniqueIdentifier>
    </Filter>
    <Filter Include="01.Utility\02.Prototypes\Manager">
      <UniqueIdentifier>{4689e40f-5977-4a2b-9f9c-62be8b7df8df}</UniqueIdentifier>
    </Filter>
    <Filter Include="01.Utility\03.GameObject\Manager\Layer">
      <UniqueIdentifier>{93c98eaf-40e7-4a00-931e-326aee0dbe94}</UniqueIdentifier>
    </Filter>
    <Filter Include="01.Utility\05.Renderer">
      <UniqueIdentifier>{da92f69a-6467-48a6-8b8e-a6742f918351}</UniqueIdentifier>
    </Filter>
    <Filter Include="01.Utility\04.Components\VIBuffer">
      <UniqueIdentifier>{a867d1c1-de32-414c-8d79-d4bfc9827474}</UniqueIdentifier>
    </Filter>
    <Filter Include="01.Utility\04.Components\Texture">
      <UniqueIdentifier>{b47138cc-bcff-4762-b883-18aefaf06efe}</UniqueIdentifier>
    </Filter>
    <Filter Include="01.Utility\04.Components\Shader">
      <UniqueIdentifier>{b28320a0-3358-4482-adbd-83fc1492c376}</UniqueIdentifier>
    </Filter>
    <Filter Include="01.Utility\04.Components\VIBuffer\Rect">
      <UniqueIdentifier>{6ac2eaed-00c7-4957-b995-528170281560}</UniqueIdentifier>
    </Filter>
    <Filter Include="01.Utility\04.Components\VIBuffer\Terrain">
      <UniqueIdentifier>{9ddf86be-2abe-4eef-85e6-440fb5c17013}</UniqueIdentifier>
    </Filter>
    <Filter Include="01.Utility\03.GameObject\AlphaObject">
      <UniqueIdentifier>{ef57a2eb-e00e-4060-9ac7-b37657577e39}</UniqueIdentifier>
    </Filter>
    <Filter Include="01.Utility\03.GameObject\ContainerObject">
      <UniqueIdentifier>{0cd9f2b4-9f44-40c6-aae6-17dcdf0a1551}</UniqueIdentifier>
    </Filter>
    <Filter Include="01.Utility\03.GameObject\LandObject">
      <UniqueIdentifier>{d8865f37-fbd9-481c-b923-62d1ea007274}</UniqueIdentifier>
    </Filter>
    <Filter Include="01.Utility\03.GameObject\PartObject">
      <UniqueIdentifier>{555d19d9-169e-4fc4-9d50-96e03f3e281c}</UniqueIdentifier>
    </Filter>
    <Filter Include="01.Utility\03.GameObject\UIObject">
      <UniqueIdentifier>{514e7d77-7e75-4725-9b62-8b73f0a15645}</UniqueIdentifier>
    </Filter>
    <Filter Include="01.Utility\06.PipeLine">
      <UniqueIdentifier>{a9bff44e-0513-4881-b2e8-07d7cf188f43}</UniqueIdentifier>
    </Filter>
    <Filter Include="01.Utility\03.GameObject\Camera">
      <UniqueIdentifier>{7aa4a74b-ccbc-4a83-90ba-4fffc206619c}</UniqueIdentifier>
    </Filter>
    <Filter Include="00.System\01.Device\InputDevice">
      <UniqueIdentifier>{a13a559f-0bae-4908-9935-a6067530622c}</UniqueIdentifier>
    </Filter>
    <Filter Include="00.System\01.Device\GraphicDevice">
      <UniqueIdentifier>{e3a8b09f-15c9-4ed1-82f1-0ba756b4d364}</UniqueIdentifier>
    </Filter>
    <Filter Include="01.Utility\04.Components\Model">
      <UniqueIdentifier>{731cb038-b59f-42c4-89b3-535fa0f4b73f}</UniqueIdentifier>
    </Filter>
    <Filter Include="01.Utility\04.Components\Model\Mesh">
      <UniqueIdentifier>{233b9d61-cc20-48a6-b2dd-37fae0752e20}</UniqueIdentifier>
    </Filter>
    <Filter Include="01.Utility\04.Components\Model\Material">
      <UniqueIdentifier>{0ce22f03-ae2e-4b8b-a201-be9d0df5d140}</UniqueIdentifier>
    </Filter>
    <Filter Include="01.Utility\04.Components\Model\Bone">
      <UniqueIdentifier>{c4392cad-132a-409f-9e9c-b15ac08ead19}</UniqueIdentifier>
    </Filter>
    <Filter Include="01.Utility\04.Components\Model\Animation">
      <UniqueIdentifier>{4216b774-9f01-4776-b437-310ebc1ad348}</UniqueIdentifier>
    </Filter>
    <Filter Include="01.Utility\04.Components\Model\Animation\Channel">
      <UniqueIdentifier>{8dd42926-8d87-4666-9543-b6f1866b7289}</UniqueIdentifier>
    </Filter>
    <Filter Include="01.Utility\03.GameObject\Camera\Manager">
      <UniqueIdentifier>{e369837b-dee3-4547-87e8-5802bbc38936}</UniqueIdentifier>
    </Filter>
    <Filter Include="01.Utility\04.Components\Model\Animation\Manager">
      <UniqueIdentifier>{dd1b4392-2c0f-4596-95d6-d5cc91ec59dd}</UniqueIdentifier>
    </Filter>
    <Filter Include="01.Utility\08.Lights">
      <UniqueIdentifier>{4b822794-ea1c-4b63-a62f-123cf00a880a}</UniqueIdentifier>
    </Filter>
    <Filter Include="01.Utility\07.Picking">
      <UniqueIdentifier>{20cf2035-6bd3-4ccb-879e-a108376bf629}</UniqueIdentifier>
    </Filter>
    <Filter Include="01.Utility\08.Lights\Manager">
      <UniqueIdentifier>{6fa2e639-a6e8-453b-b0c5-f2cbe4315304}</UniqueIdentifier>
    </Filter>
    <Filter Include="01.Utility\04.Components\Collider">
      <UniqueIdentifier>{1bdb67f7-0c91-4e0c-9d01-9cf48974386f}</UniqueIdentifier>
    </Filter>
    <Filter Include="01.Utility\04.Components\Collider\Bounding">
      <UniqueIdentifier>{30f66555-7406-42f6-97a9-77ec4de37ffd}</UniqueIdentifier>
    </Filter>
    <Filter Include="01.Utility\04.Components\Collider\Bounding\AABB">
      <UniqueIdentifier>{f5fbde61-d464-4e0a-8fa3-38c297537a9d}</UniqueIdentifier>
    </Filter>
    <Filter Include="01.Utility\04.Components\Collider\Bounding\OBB">
      <UniqueIdentifier>{6827e8b2-51f2-465d-bd37-8f3364bdd92e}</UniqueIdentifier>
    </Filter>
    <Filter Include="01.Utility\04.Components\Collider\Bounding\Sphere">
      <UniqueIdentifier>{ebc440ff-bcf1-4681-b16f-016f0aa51065}</UniqueIdentifier>
    </Filter>
    <Filter Include="01.Utility\04.Components\VIBuffer\Cube">
      <UniqueIdentifier>{f4ad1e6e-a758-4c3e-941f-6eced46e5f8c}</UniqueIdentifier>
    </Filter>
    <Filter Include="01.Utility\09.Fonts">
      <UniqueIdentifier>{3b5eb137-65de-4500-91e4-746db94b9f91}</UniqueIdentifier>
    </Filter>
    <Filter Include="01.Utility\09.Fonts\Manager">
      <UniqueIdentifier>{25a57a93-07c9-4ad5-8d0c-fcba56e79178}</UniqueIdentifier>
    </Filter>
    <Filter Include="01.Utility\04.Components\Collider\DebugDraw">
      <UniqueIdentifier>{41c73aa9-0dfc-40d7-b10d-e460743bb7da}</UniqueIdentifier>
    </Filter>
    <Filter Include="01.Utility\04.Components\Collider\Manager">
      <UniqueIdentifier>{c1bd046a-0857-4f2f-b2e8-f0f2d0874977}</UniqueIdentifier>
    </Filter>
    <Filter Include="01.Utility\04.Components\Navigation">
      <UniqueIdentifier>{21c32c10-eec7-4442-bcd1-55388a54556a}</UniqueIdentifier>
    </Filter>
    <Filter Include="01.Utility\04.Components\Navigation\Cell">
      <UniqueIdentifier>{2397f1b9-3563-4c30-86ca-4939f7a7f128}</UniqueIdentifier>
    </Filter>
    <Filter Include="01.Utility\04.Components\VIBuffer\Cell">
      <UniqueIdentifier>{6c889d1e-800f-4f78-85f2-6dcffa245bf8}</UniqueIdentifier>
    </Filter>
    <Filter Include="01.Utility\04.Components\VIBuffer\Instance">
      <UniqueIdentifier>{79ebc000-8bf7-431f-821a-82a89e86318b}</UniqueIdentifier>
    </Filter>
    <Filter Include="01.Utility\04.Components\Gravity">
      <UniqueIdentifier>{7492533f-6f94-49ca-96cb-1689788df132}</UniqueIdentifier>
    </Filter>
  </ItemGroup>
</Project>