<?xml version="1.0" encoding="utf-8"?>
<Project ToolsVersion="4.0" xmlns="http://schemas.microsoft.com/developer/msbuild/2003">
  <ItemGroup>
    <Filter Include="98.Default">
      <UniqueIdentifier>{e4b14c11-52df-475b-b837-3a232685c010}</UniqueIdentifier>
    </Filter>
    <Filter Include="99.Defines">
      <UniqueIdentifier>{72444e1a-0502-4c74-8392-c8e6a1e89ed0}</UniqueIdentifier>
    </Filter>
    <Filter Include="00.MainApp">
      <UniqueIdentifier>{ffac1f7d-cb22-4ce8-a7fd-43cfb62fb4db}</UniqueIdentifier>
    </Filter>
    <Filter Include="97.ShaderFiles">
      <UniqueIdentifier>{d3e6ac29-52aa-40a2-9d7d-35700ad7da3f}</UniqueIdentifier>
    </Filter>
    <Filter Include="01.Levels">
      <UniqueIdentifier>{3b3aeff7-5170-4d23-a6bc-ca661d804d84}</UniqueIdentifier>
    </Filter>
    <Filter Include="01.Levels\Logo">
      <UniqueIdentifier>{fc8ef11a-d4da-4fb2-acd6-da87cf54da78}</UniqueIdentifier>
    </Filter>
    <Filter Include="01.Levels\Loading">
      <UniqueIdentifier>{d77e9a5c-f9dd-469f-9e4a-e102f2dc83a4}</UniqueIdentifier>
    </Filter>
    <Filter Include="01.Levels\Loading\Loader">
      <UniqueIdentifier>{09b33f93-851a-4e38-8e8a-83626e4878cb}</UniqueIdentifier>
    </Filter>
    <Filter Include="01.Levels\GamePlay">
      <UniqueIdentifier>{a3f64273-696d-4106-b58f-efef5e5d53fe}</UniqueIdentifier>
    </Filter>
    <Filter Include="02.GameObjects">
      <UniqueIdentifier>{db82fc83-d01c-41cf-8115-cfc65328ad5c}</UniqueIdentifier>
    </Filter>
    <Filter Include="02.GameObjects\00.BackGround">
      <UniqueIdentifier>{2a95d670-b78b-4365-888f-45a6815fed54}</UniqueIdentifier>
    </Filter>
    <Filter Include="02.GameObjects\01.Terrain">
      <UniqueIdentifier>{191921a7-783e-4ca6-bb37-84f789e968ab}</UniqueIdentifier>
    </Filter>
    <Filter Include="01.Levels\MapTool">
      <UniqueIdentifier>{1561a74d-c864-4ddc-8b26-3c64d9be88be}</UniqueIdentifier>
    </Filter>
    <Filter Include="02.GameObjects\00.BackGround\ClassCode">
      <UniqueIdentifier>{504db603-5210-4ff9-ba4e-88a43f997efa}</UniqueIdentifier>
    </Filter>
    <Filter Include="98.Default\Imgui_Docking">
      <UniqueIdentifier>{bc98f8ba-3648-49e9-b6aa-7cb1a4a12500}</UniqueIdentifier>
    </Filter>
    <Filter Include="98.Default\Imgui_Docking\Backend">
      <UniqueIdentifier>{e38fff58-4698-469a-9a91-4b89aae11392}</UniqueIdentifier>
    </Filter>
    <Filter Include="02.GameObjects\02. Camera">
      <UniqueIdentifier>{6eb594ac-683f-4ded-b74c-763ac24a8aea}</UniqueIdentifier>
    </Filter>
    <Filter Include="02.GameObjects\03. Monster">
      <UniqueIdentifier>{aaeea020-29b6-442c-bdd0-4b9cfb0f1891}</UniqueIdentifier>
    </Filter>
    <Filter Include="02.GameObjects\02. Camera\Tool">
      <UniqueIdentifier>{d80673cc-63b7-4c16-b7a4-9574b049ef95}</UniqueIdentifier>
    </Filter>
    <Filter Include="02.GameObjects\02. Camera\Free">
      <UniqueIdentifier>{c1e4354a-4a0d-4fbf-9d43-c298b7a1d043}</UniqueIdentifier>
    </Filter>
    <Filter Include="01.Levels\MapTool\Tools">
      <UniqueIdentifier>{740da3dc-ca29-470f-8747-b96434507764}</UniqueIdentifier>
    </Filter>
    <Filter Include="01.Levels\MapTool\Tools\TerrainTool">
      <UniqueIdentifier>{63dccc74-a1ad-4ea6-b64b-2f21c42edd01}</UniqueIdentifier>
    </Filter>
    <Filter Include="01.Levels\MapTool\Tools\ObjectTool">
      <UniqueIdentifier>{46604ac4-c9ef-4ef6-a02d-ac850961d8aa}</UniqueIdentifier>
    </Filter>
    <Filter Include="01.Levels\MapTool\Tools\ConvertTool">
      <UniqueIdentifier>{b1d97b6d-6bd8-434f-a0ef-a124d95d16da}</UniqueIdentifier>
    </Filter>
    <Filter Include="02.GameObjects\04. Player">
      <UniqueIdentifier>{36f7e6ce-51c9-40d3-a217-0c4dcfcf6d7b}</UniqueIdentifier>
    </Filter>
    <Filter Include="02.GameObjects\02. Camera\FirstPerson">
      <UniqueIdentifier>{877cf41f-d3e0-49bf-a0e7-a6dcc614de64}</UniqueIdentifier>
    </Filter>
    <Filter Include="02.GameObjects\06. MapObject">
      <UniqueIdentifier>{5084ee5d-86be-4275-9085-3cb3d903894d}</UniqueIdentifier>
    </Filter>
    <Filter Include="02.GameObjects\05. Weapon">
      <UniqueIdentifier>{3903e7e4-9ebc-4921-be1d-cf894008e05c}</UniqueIdentifier>
    </Filter>
    <Filter Include="02.GameObjects\05. Weapon\Pistol">
      <UniqueIdentifier>{26eefe95-ef52-4b8a-b60b-ea4cf08a4d19}</UniqueIdentifier>
    </Filter>
    <Filter Include="02.GameObjects\05. Weapon\AssaultRifle">
      <UniqueIdentifier>{55ae432a-413a-41c1-a76d-4767b1ed20a7}</UniqueIdentifier>
    </Filter>
    <Filter Include="02.GameObjects\07. UI">
      <UniqueIdentifier>{147fd8f1-c03c-496d-abe4-ef7fd31b3909}</UniqueIdentifier>
    </Filter>
    <Filter Include="02.GameObjects\07. UI\Level_Logo">
      <UniqueIdentifier>{ccbf66b7-e022-4ecb-95e6-1765d9a08954}</UniqueIdentifier>
    </Filter>
    <Filter Include="02.GameObjects\07. UI\StaticUI">
      <UniqueIdentifier>{c4cb7a60-3ab0-49ed-8030-24896353daea}</UniqueIdentifier>
    </Filter>
    <Filter Include="02.GameObjects\07. UI\StaticUI\NewFilter1">
      <UniqueIdentifier>{c11db0ff-a100-4d4d-9910-0b2c6bc36259}</UniqueIdentifier>
    </Filter>
    <Filter Include="02.GameObjects\07. UI\Inventory">
      <UniqueIdentifier>{1b101d00-b404-4920-a495-1d291e8d14f7}</UniqueIdentifier>
    </Filter>
    <Filter Include="02.GameObjects\07. UI\NewFilter1">
      <UniqueIdentifier>{e7652dd2-9df2-40a8-a8eb-687d8d276cd8}</UniqueIdentifier>
    </Filter>
    <Filter Include="03. State">
      <UniqueIdentifier>{4659da7a-19de-4c18-824a-f31ed2216459}</UniqueIdentifier>
    </Filter>
    <Filter Include="02.GameObjects\04. Player\PlayerWeapon">
      <UniqueIdentifier>{dd64e3dd-6298-405f-b733-e670ec5c22fe}</UniqueIdentifier>
    </Filter>
    <Filter Include="02.GameObjects\04. Player\PlayerBody">
      <UniqueIdentifier>{34d8dd0b-0cf1-41a3-b93d-b396d9375003}</UniqueIdentifier>
    </Filter>
    <Filter Include="02.GameObjects\04. Player\PlayerHand">
      <UniqueIdentifier>{8d1426e4-f201-4c73-a214-b624960a56e5}</UniqueIdentifier>
    </Filter>
    <Filter Include="02.GameObjects\04. Player\PlayerParticle">
      <UniqueIdentifier>{d383d512-f944-456b-8ef8-cdbde32fa38a}</UniqueIdentifier>
    </Filter>
    <Filter Include="02.GameObjects\04. Player\00. PlayerState">
      <UniqueIdentifier>{2c1e5ced-8b82-45ad-ba0a-220f190f6842}</UniqueIdentifier>
    </Filter>
    <Filter Include="02.GameObjects\05. Weapon\AssaultRifle\ARState">
      <UniqueIdentifier>{e4e73457-fd25-4138-b899-62119dd6013e}</UniqueIdentifier>
    </Filter>
    <Filter Include="02.GameObjects\08. Sky">
      <UniqueIdentifier>{c893d463-36f9-495f-bdd7-a74e770e6ed7}</UniqueIdentifier>
    </Filter>
  </ItemGroup>
  <ItemGroup>
    <ClInclude Include="Client.h">
      <Filter>98.Default</Filter>
    </ClInclude>
    <ClInclude Include="framework.h">
      <Filter>98.Default</Filter>
    </ClInclude>
    <ClInclude Include="Resource.h">
      <Filter>98.Default</Filter>
    </ClInclude>
    <ClInclude Include="targetver.h">
      <Filter>98.Default</Filter>
    </ClInclude>
    <ClInclude Include="..\Public\Client_Defines.h">
      <Filter>99.Defines</Filter>
    </ClInclude>
    <ClInclude Include="..\Public\Client_Enum.h">
      <Filter>99.Defines</Filter>
    </ClInclude>
    <ClInclude Include="..\Public\Level_GamePlay.h">
      <Filter>01.Levels\GamePlay</Filter>
    </ClInclude>
    <ClInclude Include="..\Public\Level_Loading.h">
      <Filter>01.Levels\Loading</Filter>
    </ClInclude>
    <ClInclude Include="..\Public\Loader.h">
      <Filter>01.Levels\Loading\Loader</Filter>
    </ClInclude>
    <ClInclude Include="..\Public\Level_Logo.h">
      <Filter>01.Levels\Logo</Filter>
    </ClInclude>
    <ClInclude Include="..\public\MainApp.h">
      <Filter>00.MainApp</Filter>
    </ClInclude>
    <ClInclude Include="..\Public\Terrain.h">
      <Filter>02.GameObjects\01.Terrain</Filter>
    </ClInclude>
    <ClInclude Include="..\Public\Level_MapTool.h">
      <Filter>01.Levels\MapTool</Filter>
    </ClInclude>
    <ClInclude Include="..\public\BackGround.h">
      <Filter>02.GameObjects\00.BackGround\ClassCode</Filter>
    </ClInclude>
    <ClInclude Include="..\public\Logo_Background.h">
      <Filter>02.GameObjects\07. UI\Level_Logo</Filter>
    </ClInclude>
    <ClInclude Include="..\public\GameLogo.h">
      <Filter>02.GameObjects\07. UI\Level_Logo</Filter>
    </ClInclude>
    <ClInclude Include="..\Public\Client_Macro.h">
      <Filter>99.Defines</Filter>
    </ClInclude>
    <ClInclude Include="imgui\imgui.h">
      <Filter>98.Default\Imgui_Docking</Filter>
    </ClInclude>
    <ClInclude Include="imgui\imgui_internal.h">
      <Filter>98.Default\Imgui_Docking</Filter>
    </ClInclude>
    <ClInclude Include="imgui\imstb_rectpack.h">
      <Filter>98.Default\Imgui_Docking</Filter>
    </ClInclude>
    <ClInclude Include="imgui\imstb_textedit.h">
      <Filter>98.Default\Imgui_Docking</Filter>
    </ClInclude>
    <ClInclude Include="imgui\imstb_truetype.h">
      <Filter>98.Default\Imgui_Docking</Filter>
    </ClInclude>
    <ClInclude Include="imgui\imconfig.h">
      <Filter>98.Default\Imgui_Docking</Filter>
    </ClInclude>
    <ClInclude Include="imgui\backends\imgui_impl_dx11.h">
      <Filter>98.Default\Imgui_Docking\Backend</Filter>
    </ClInclude>
    <ClInclude Include="imgui\backends\imgui_impl_win32.h">
      <Filter>98.Default\Imgui_Docking\Backend</Filter>
    </ClInclude>
    <ClInclude Include="imgui\ImGuizmo.h">
      <Filter>98.Default\Imgui_Docking</Filter>
    </ClInclude>
    <ClInclude Include="..\Public\Monster.h">
      <Filter>02.GameObjects\03. Monster</Filter>
    </ClInclude>
    <ClInclude Include="..\Public\Camera_Free.h">
      <Filter>02.GameObjects\02. Camera\Free</Filter>
    </ClInclude>
    <ClInclude Include="..\Public\Camera_Tool.h">
      <Filter>02.GameObjects\02. Camera\Tool</Filter>
    </ClInclude>
    <ClInclude Include="..\public\TerrainTool.h">
      <Filter>01.Levels\MapTool\Tools\TerrainTool</Filter>
    </ClInclude>
    <ClInclude Include="..\public\ImGuiTool.h">
      <Filter>01.Levels\MapTool\Tools</Filter>
    </ClInclude>
    <ClInclude Include="..\Public\Client_Struct.h">
      <Filter>99.Defines</Filter>
    </ClInclude>
    <ClInclude Include="imgui\ImGuiFileDialog.h">
      <Filter>98.Default\Imgui_Docking</Filter>
    </ClInclude>
    <ClInclude Include="imgui\ImGuiFileDialogConfig.h">
      <Filter>98.Default\Imgui_Docking</Filter>
    </ClInclude>
    <ClInclude Include="imgui\dirent\dirent.h">
      <Filter>98.Default\Imgui_Docking</Filter>
    </ClInclude>
    <ClInclude Include="..\Public\ObjectTool.h">
      <Filter>01.Levels\MapTool\Tools\ObjectTool</Filter>
    </ClInclude>
    <ClInclude Include="..\Public\MapObject.h">
      <Filter>02.GameObjects\06. MapObject</Filter>
    </ClInclude>
    <ClInclude Include="..\Public\Player.h">
      <Filter>02.GameObjects\04. Player</Filter>
    </ClInclude>
    <ClInclude Include="..\Public\Camera_FPS.h">
      <Filter>02.GameObjects\02. Camera\FirstPerson</Filter>
    </ClInclude>
    <ClInclude Include="..\public\Weapon.h">
      <Filter>02.GameObjects\05. Weapon</Filter>
    </ClInclude>
    <ClInclude Include="..\Public\json.hpp">
      <Filter>99.Defines</Filter>
    </ClInclude>
    <ClInclude Include="..\public\Pistol.h">
      <Filter>02.GameObjects\05. Weapon\Pistol</Filter>
    </ClInclude>
    <ClInclude Include="..\public\AssaultRifle.h">
      <Filter>02.GameObjects\05. Weapon\AssaultRifle</Filter>
    </ClInclude>
    <ClInclude Include="..\public\State.h">
      <Filter>03. State</Filter>
    </ClInclude>
    <ClInclude Include="..\public\PlayerState.h">
      <Filter>02.GameObjects\04. Player\00. PlayerState</Filter>
    </ClInclude>
    <ClInclude Include="..\public\PlayerWeapon.h">
      <Filter>02.GameObjects\04. Player\PlayerWeapon</Filter>
    </ClInclude>
    <ClInclude Include="..\Public\ARState.h">
      <Filter>02.GameObjects\05. Weapon\AssaultRifle\ARState</Filter>
    </ClInclude>
    <ClInclude Include="..\Public\Sky.h">
      <Filter>02.GameObjects\08. Sky</Filter>
    </ClInclude>
  </ItemGroup>
  <ItemGroup>
    <Image Include="Client.ico">
      <Filter>98.Default</Filter>
    </Image>
    <Image Include="small.ico">
      <Filter>98.Default</Filter>
    </Image>
  </ItemGroup>
  <ItemGroup>
    <ResourceCompile Include="Client.rc">
      <Filter>98.Default</Filter>
    </ResourceCompile>
  </ItemGroup>
  <ItemGroup>
    <ClCompile Include="Client.cpp">
      <Filter>98.Default</Filter>
    </ClCompile>
    <ClCompile Include="..\Private\Level_GamePlay.cpp">
      <Filter>01.Levels\GamePlay</Filter>
    </ClCompile>
    <ClCompile Include="..\Private\Level_Loading.cpp">
      <Filter>01.Levels\Loading</Filter>
    </ClCompile>
    <ClCompile Include="..\Private\Loader.cpp">
      <Filter>01.Levels\Loading\Loader</Filter>
    </ClCompile>
    <ClCompile Include="..\Private\Level_Logo.cpp">
      <Filter>01.Levels\Logo</Filter>
    </ClCompile>
    <ClCompile Include="..\private\MainApp.cpp">
      <Filter>00.MainApp</Filter>
    </ClCompile>
    <ClCompile Include="..\Private\Terrain.cpp">
      <Filter>02.GameObjects\01.Terrain</Filter>
    </ClCompile>
    <ClCompile Include="..\Private\Level_MapTool.cpp">
      <Filter>01.Levels\MapTool</Filter>
    </ClCompile>
    <ClCompile Include="..\private\BackGround.cpp">
      <Filter>02.GameObjects\00.BackGround\ClassCode</Filter>
    </ClCompile>
    <ClCompile Include="..\private\Logo_Background.cpp">
      <Filter>02.GameObjects\07. UI\Level_Logo</Filter>
    </ClCompile>
    <ClCompile Include="..\private\GameLogo.cpp">
      <Filter>02.GameObjects\07. UI\Level_Logo</Filter>
    </ClCompile>
    <ClCompile Include="imgui\imgui.cpp">
      <Filter>98.Default\Imgui_Docking</Filter>
    </ClCompile>
    <ClCompile Include="imgui\imgui_demo.cpp">
      <Filter>98.Default\Imgui_Docking</Filter>
    </ClCompile>
    <ClCompile Include="imgui\imgui_draw.cpp">
      <Filter>98.Default\Imgui_Docking</Filter>
    </ClCompile>
    <ClCompile Include="imgui\imgui_tables.cpp">
      <Filter>98.Default\Imgui_Docking</Filter>
    </ClCompile>
    <ClCompile Include="imgui\imgui_widgets.cpp">
      <Filter>98.Default\Imgui_Docking</Filter>
    </ClCompile>
    <ClCompile Include="imgui\backends\imgui_impl_dx11.cpp">
      <Filter>98.Default\Imgui_Docking\Backend</Filter>
    </ClCompile>
    <ClCompile Include="imgui\backends\imgui_impl_win32.cpp">
      <Filter>98.Default\Imgui_Docking\Backend</Filter>
    </ClCompile>
    <ClCompile Include="imgui\ImGuizmo.cpp">
      <Filter>98.Default\Imgui_Docking</Filter>
    </ClCompile>
    <ClCompile Include="..\Private\Monster.cpp">
      <Filter>02.GameObjects\03. Monster</Filter>
    </ClCompile>
    <ClCompile Include="..\Private\Camera_Free.cpp">
      <Filter>02.GameObjects\02. Camera\Free</Filter>
    </ClCompile>
    <ClCompile Include="..\Private\Camera_Tool.cpp">
      <Filter>02.GameObjects\02. Camera\Tool</Filter>
    </ClCompile>
    <ClCompile Include="..\private\TerrainTool.cpp">
      <Filter>01.Levels\MapTool\Tools\TerrainTool</Filter>
    </ClCompile>
    <ClCompile Include="..\private\ImGuiTool.cpp">
      <Filter>01.Levels\MapTool\Tools</Filter>
    </ClCompile>
    <ClCompile Include="imgui\ImGuiFileDialog.cpp">
      <Filter>98.Default\Imgui_Docking</Filter>
    </ClCompile>
    <ClCompile Include="..\Private\ObjectTool.cpp">
      <Filter>01.Levels\MapTool\Tools\ObjectTool</Filter>
    </ClCompile>
    <ClCompile Include="..\Private\MapObject.cpp">
      <Filter>02.GameObjects\06. MapObject</Filter>
    </ClCompile>
    <ClCompile Include="..\Private\Player.cpp">
      <Filter>02.GameObjects\04. Player</Filter>
    </ClCompile>
    <ClCompile Include="..\Private\Camera_FPS.cpp">
      <Filter>02.GameObjects\02. Camera\FirstPerson</Filter>
    </ClCompile>
    <ClCompile Include="..\private\Weapon.cpp">
      <Filter>02.GameObjects\05. Weapon</Filter>
    </ClCompile>
    <ClCompile Include="..\private\Pistol.cpp">
      <Filter>02.GameObjects\05. Weapon\Pistol</Filter>
    </ClCompile>
    <ClCompile Include="..\private\AssaultRifle.cpp">
      <Filter>02.GameObjects\05. Weapon\AssaultRifle</Filter>
    </ClCompile>
    <ClCompile Include="..\Private\PlayerState_Idle.cpp">
      <Filter>02.GameObjects\04. Player\00. PlayerState</Filter>
    </ClCompile>
    <ClCompile Include="..\private\PlayerWeapon.cpp">
      <Filter>02.GameObjects\04. Player\PlayerWeapon</Filter>
    </ClCompile>
    <ClCompile Include="..\Private\PlayerState_Run.cpp">
      <Filter>02.GameObjects\04. Player\00. PlayerState</Filter>
    </ClCompile>
    <ClCompile Include="..\Private\PlayerState_Sprint.cpp">
      <Filter>02.GameObjects\04. Player\00. PlayerState</Filter>
    </ClCompile>
    <ClCompile Include="..\Private\PlayerState_Jump.cpp">
      <Filter>02.GameObjects\04. Player\00. PlayerState</Filter>
    </ClCompile>
    <ClCompile Include="..\Private\PlayerState_Run_L.cpp">
      <Filter>02.GameObjects\04. Player\00. PlayerState</Filter>
    </ClCompile>
    <ClCompile Include="..\Private\PlayerState_Run_R.cpp">
      <Filter>02.GameObjects\04. Player\00. PlayerState</Filter>
    </ClCompile>
    <ClCompile Include="..\Private\ARState_Idle.cpp">
      <Filter>02.GameObjects\05. Weapon\AssaultRifle\ARState</Filter>
    </ClCompile>
    <ClCompile Include="..\Private\ARState_Reload.cpp">
      <Filter>02.GameObjects\05. Weapon\AssaultRifle\ARState</Filter>
    </ClCompile>
    <ClCompile Include="..\Private\ARState_Fire.cpp">
      <Filter>02.GameObjects\05. Weapon\AssaultRifle\ARState</Filter>
    </ClCompile>
    <ClCompile Include="..\Private\ARState_Reload_Fast.cpp">
      <Filter>02.GameObjects\05. Weapon\AssaultRifle\ARState</Filter>
    </ClCompile>
    <ClCompile Include="..\Private\ARState_Draw.cpp">
      <Filter>02.GameObjects\05. Weapon\AssaultRifle\ARState</Filter>
    </ClCompile>
    <ClCompile Include="..\Private\PlayerState_Reload.cpp">
      <Filter>02.GameObjects\04. Player\00. PlayerState</Filter>
    </ClCompile>
    <ClCompile Include="..\Private\Sky.cpp">
      <Filter>02.GameObjects\08. Sky</Filter>
    </ClCompile>
  </ItemGroup>
  <ItemGroup>
    <FxCompile Include="..\Bin\ShaderFiles\Shader_VtxPosTex.hlsl">
      <Filter>97.ShaderFiles</Filter>
    </FxCompile>
    <FxCompile Include="..\Bin\ShaderFiles\Shader_VtxNorTex.hlsl">
      <Filter>97.ShaderFiles</Filter>
    </FxCompile>
    <FxCompile Include="..\Bin\ShaderFiles\Shader_VtxMesh.hlsl">
      <Filter>97.ShaderFiles</Filter>
    </FxCompile>
    <FxCompile Include="..\Bin\ShaderFiles\Shader_VtxAnimMesh.hlsl">
      <Filter>97.ShaderFiles</Filter>
    </FxCompile>
    <FxCompile Include="..\Bin\ShaderFiles\Shader_VtxCube.hlsl">
      <Filter>97.ShaderFiles</Filter>
    </FxCompile>
  </ItemGroup>
</Project>